
Microsoft Visual Studio Solution File, Format Version 12.00
# Visual Studio Version 16
VisualStudioVersion = 16.0.29411.108
MinimumVisualStudioVersion = 10.0.40219.1
Project("{9A19103F-16F7-4668-BE54-9A1E7A4F7556}") = "eProdaja.WebAPI", "eProdaja.WebAPI\eProdaja.WebAPI.csproj", "{AD600094-9ACA-42B3-A575-2143D00F9CE2}"
EndProject
Project("{9A19103F-16F7-4668-BE54-9A1E7A4F7556}") = "eProdaja.Model", "eProdaja.Model\eProdaja.Model.csproj", "{F1B25292-F537-41CE-B7AA-F4569994313B}"
EndProject
Project("{2150E333-8FDC-42A3-9474-1A3956D46DE8}") = "UI", "UI", "{CD3C830E-8E1A-4C74-BE86-A7AAC83012E4}"
EndProject
Project("{FAE04EC0-301F-11D3-BF4B-00C04F79EFBC}") = "eProdaja.WinUI", "eProdaja.WinUI\eProdaja.WinUI.csproj", "{83D729CE-5E4C-4044-990D-9D410D8F779E}"
EndProject
Project("{2150E333-8FDC-42A3-9474-1A3956D46DE8}") = "SolutionItems", "SolutionItems", "{79D0CD1C-3E7D-49FB-B137-4B3293E1E24B}"
	ProjectSection(SolutionItems) = preProject
		Authentication.txt = Authentication.txt
	EndProjectSection
EndProject
Project("{2150E333-8FDC-42A3-9474-1A3956D46DE8}") = "eProdaja.Mobile", "eProdaja.Mobile", "{7D7F6A14-81CC-44AC-92EC-F15B1CF5E055}"
EndProject
Project("{FAE04EC0-301F-11D3-BF4B-00C04F79EFBC}") = "eProdaja.MobileApp.Android", "eProdaja.MobileApp\eProdaja.MobileApp.Android\eProdaja.MobileApp.Android.csproj", "{ABBE8F6A-EF56-456D-AB9D-DEA544B23704}"
EndProject
Project("{FAE04EC0-301F-11D3-BF4B-00C04F79EFBC}") = "eProdaja.MobileApp.iOS", "eProdaja.MobileApp\eProdaja.MobileApp.iOS\eProdaja.MobileApp.iOS.csproj", "{E35B0803-CDF4-4A1A-B33F-E4FEFAD7AEF4}"
EndProject
Project("{9A19103F-16F7-4668-BE54-9A1E7A4F7556}") = "eProdaja.MobileApp", "eProdaja.MobileApp\eProdaja.MobileApp\eProdaja.MobileApp.csproj", "{A5F7378F-E7C1-4311-87BA-14803EFE4504}"
EndProject
Project("{FAE04EC0-301F-11D3-BF4B-00C04F79EFBC}") = "eProdaja.Mobile.UWP", "eProdaja.Mobile.UWP\eProdaja.Mobile.UWP.csproj", "{F74AAF32-24E9-4B16-8DF5-D505110DB9C6}"
EndProject
Global
	GlobalSection(SolutionConfigurationPlatforms) = preSolution
		Debug|Any CPU = Debug|Any CPU
		Debug|ARM = Debug|ARM
		Debug|ARM64 = Debug|ARM64
		Debug|iPhone = Debug|iPhone
		Debug|iPhoneSimulator = Debug|iPhoneSimulator
		Debug|x64 = Debug|x64
		Debug|x86 = Debug|x86
		Release|Any CPU = Release|Any CPU
		Release|ARM = Release|ARM
		Release|ARM64 = Release|ARM64
		Release|iPhone = Release|iPhone
		Release|iPhoneSimulator = Release|iPhoneSimulator
		Release|x64 = Release|x64
		Release|x86 = Release|x86
	EndGlobalSection
	GlobalSection(ProjectConfigurationPlatforms) = postSolution
		{AD600094-9ACA-42B3-A575-2143D00F9CE2}.Debug|Any CPU.ActiveCfg = Debug|Any CPU
		{AD600094-9ACA-42B3-A575-2143D00F9CE2}.Debug|Any CPU.Build.0 = Debug|Any CPU
		{AD600094-9ACA-42B3-A575-2143D00F9CE2}.Debug|ARM.ActiveCfg = Debug|Any CPU
		{AD600094-9ACA-42B3-A575-2143D00F9CE2}.Debug|ARM.Build.0 = Debug|Any CPU
		{AD600094-9ACA-42B3-A575-2143D00F9CE2}.Debug|ARM64.ActiveCfg = Debug|Any CPU
		{AD600094-9ACA-42B3-A575-2143D00F9CE2}.Debug|ARM64.Build.0 = Debug|Any CPU
		{AD600094-9ACA-42B3-A575-2143D00F9CE2}.Debug|iPhone.ActiveCfg = Debug|Any CPU
		{AD600094-9ACA-42B3-A575-2143D00F9CE2}.Debug|iPhone.Build.0 = Debug|Any CPU
		{AD600094-9ACA-42B3-A575-2143D00F9CE2}.Debug|iPhoneSimulator.ActiveCfg = Debug|Any CPU
		{AD600094-9ACA-42B3-A575-2143D00F9CE2}.Debug|iPhoneSimulator.Build.0 = Debug|Any CPU
		{AD600094-9ACA-42B3-A575-2143D00F9CE2}.Debug|x64.ActiveCfg = Debug|Any CPU
		{AD600094-9ACA-42B3-A575-2143D00F9CE2}.Debug|x64.Build.0 = Debug|Any CPU
		{AD600094-9ACA-42B3-A575-2143D00F9CE2}.Debug|x86.ActiveCfg = Debug|Any CPU
		{AD600094-9ACA-42B3-A575-2143D00F9CE2}.Debug|x86.Build.0 = Debug|Any CPU
		{AD600094-9ACA-42B3-A575-2143D00F9CE2}.Release|Any CPU.ActiveCfg = Release|Any CPU
		{AD600094-9ACA-42B3-A575-2143D00F9CE2}.Release|Any CPU.Build.0 = Release|Any CPU
		{AD600094-9ACA-42B3-A575-2143D00F9CE2}.Release|ARM.ActiveCfg = Release|Any CPU
		{AD600094-9ACA-42B3-A575-2143D00F9CE2}.Release|ARM.Build.0 = Release|Any CPU
		{AD600094-9ACA-42B3-A575-2143D00F9CE2}.Release|ARM64.ActiveCfg = Release|Any CPU
		{AD600094-9ACA-42B3-A575-2143D00F9CE2}.Release|ARM64.Build.0 = Release|Any CPU
		{AD600094-9ACA-42B3-A575-2143D00F9CE2}.Release|iPhone.ActiveCfg = Release|Any CPU
		{AD600094-9ACA-42B3-A575-2143D00F9CE2}.Release|iPhone.Build.0 = Release|Any CPU
		{AD600094-9ACA-42B3-A575-2143D00F9CE2}.Release|iPhoneSimulator.ActiveCfg = Release|Any CPU
		{AD600094-9ACA-42B3-A575-2143D00F9CE2}.Release|iPhoneSimulator.Build.0 = Release|Any CPU
		{AD600094-9ACA-42B3-A575-2143D00F9CE2}.Release|x64.ActiveCfg = Release|Any CPU
		{AD600094-9ACA-42B3-A575-2143D00F9CE2}.Release|x64.Build.0 = Release|Any CPU
		{AD600094-9ACA-42B3-A575-2143D00F9CE2}.Release|x86.ActiveCfg = Release|Any CPU
		{AD600094-9ACA-42B3-A575-2143D00F9CE2}.Release|x86.Build.0 = Release|Any CPU
		{F1B25292-F537-41CE-B7AA-F4569994313B}.Debug|Any CPU.ActiveCfg = Debug|Any CPU
		{F1B25292-F537-41CE-B7AA-F4569994313B}.Debug|Any CPU.Build.0 = Debug|Any CPU
		{F1B25292-F537-41CE-B7AA-F4569994313B}.Debug|ARM.ActiveCfg = Debug|Any CPU
		{F1B25292-F537-41CE-B7AA-F4569994313B}.Debug|ARM.Build.0 = Debug|Any CPU
		{F1B25292-F537-41CE-B7AA-F4569994313B}.Debug|ARM64.ActiveCfg = Debug|Any CPU
		{F1B25292-F537-41CE-B7AA-F4569994313B}.Debug|ARM64.Build.0 = Debug|Any CPU
		{F1B25292-F537-41CE-B7AA-F4569994313B}.Debug|iPhone.ActiveCfg = Debug|Any CPU
		{F1B25292-F537-41CE-B7AA-F4569994313B}.Debug|iPhone.Build.0 = Debug|Any CPU
		{F1B25292-F537-41CE-B7AA-F4569994313B}.Debug|iPhoneSimulator.ActiveCfg = Debug|Any CPU
		{F1B25292-F537-41CE-B7AA-F4569994313B}.Debug|iPhoneSimulator.Build.0 = Debug|Any CPU
		{F1B25292-F537-41CE-B7AA-F4569994313B}.Debug|x64.ActiveCfg = Debug|Any CPU
		{F1B25292-F537-41CE-B7AA-F4569994313B}.Debug|x64.Build.0 = Debug|Any CPU
		{F1B25292-F537-41CE-B7AA-F4569994313B}.Debug|x86.ActiveCfg = Debug|Any CPU
		{F1B25292-F537-41CE-B7AA-F4569994313B}.Debug|x86.Build.0 = Debug|Any CPU
		{F1B25292-F537-41CE-B7AA-F4569994313B}.Release|Any CPU.ActiveCfg = Release|Any CPU
		{F1B25292-F537-41CE-B7AA-F4569994313B}.Release|Any CPU.Build.0 = Release|Any CPU
		{F1B25292-F537-41CE-B7AA-F4569994313B}.Release|ARM.ActiveCfg = Release|Any CPU
		{F1B25292-F537-41CE-B7AA-F4569994313B}.Release|ARM.Build.0 = Release|Any CPU
		{F1B25292-F537-41CE-B7AA-F4569994313B}.Release|ARM64.ActiveCfg = Release|Any CPU
		{F1B25292-F537-41CE-B7AA-F4569994313B}.Release|ARM64.Build.0 = Release|Any CPU
		{F1B25292-F537-41CE-B7AA-F4569994313B}.Release|iPhone.ActiveCfg = Release|Any CPU
		{F1B25292-F537-41CE-B7AA-F4569994313B}.Release|iPhone.Build.0 = Release|Any CPU
		{F1B25292-F537-41CE-B7AA-F4569994313B}.Release|iPhoneSimulator.ActiveCfg = Release|Any CPU
		{F1B25292-F537-41CE-B7AA-F4569994313B}.Release|iPhoneSimulator.Build.0 = Release|Any CPU
		{F1B25292-F537-41CE-B7AA-F4569994313B}.Release|x64.ActiveCfg = Release|Any CPU
		{F1B25292-F537-41CE-B7AA-F4569994313B}.Release|x64.Build.0 = Release|Any CPU
		{F1B25292-F537-41CE-B7AA-F4569994313B}.Release|x86.ActiveCfg = Release|Any CPU
		{F1B25292-F537-41CE-B7AA-F4569994313B}.Release|x86.Build.0 = Release|Any CPU
		{83D729CE-5E4C-4044-990D-9D410D8F779E}.Debug|Any CPU.ActiveCfg = Debug|Any CPU
		{83D729CE-5E4C-4044-990D-9D410D8F779E}.Debug|Any CPU.Build.0 = Debug|Any CPU
		{83D729CE-5E4C-4044-990D-9D410D8F779E}.Debug|ARM.ActiveCfg = Debug|Any CPU
		{83D729CE-5E4C-4044-990D-9D410D8F779E}.Debug|ARM.Build.0 = Debug|Any CPU
		{83D729CE-5E4C-4044-990D-9D410D8F779E}.Debug|ARM64.ActiveCfg = Debug|Any CPU
		{83D729CE-5E4C-4044-990D-9D410D8F779E}.Debug|ARM64.Build.0 = Debug|Any CPU
		{83D729CE-5E4C-4044-990D-9D410D8F779E}.Debug|iPhone.ActiveCfg = Debug|Any CPU
		{83D729CE-5E4C-4044-990D-9D410D8F779E}.Debug|iPhone.Build.0 = Debug|Any CPU
		{83D729CE-5E4C-4044-990D-9D410D8F779E}.Debug|iPhoneSimulator.ActiveCfg = Debug|Any CPU
		{83D729CE-5E4C-4044-990D-9D410D8F779E}.Debug|iPhoneSimulator.Build.0 = Debug|Any CPU
		{83D729CE-5E4C-4044-990D-9D410D8F779E}.Debug|x64.ActiveCfg = Debug|Any CPU
		{83D729CE-5E4C-4044-990D-9D410D8F779E}.Debug|x64.Build.0 = Debug|Any CPU
		{83D729CE-5E4C-4044-990D-9D410D8F779E}.Debug|x86.ActiveCfg = Debug|Any CPU
		{83D729CE-5E4C-4044-990D-9D410D8F779E}.Debug|x86.Build.0 = Debug|Any CPU
		{83D729CE-5E4C-4044-990D-9D410D8F779E}.Release|Any CPU.ActiveCfg = Release|Any CPU
		{83D729CE-5E4C-4044-990D-9D410D8F779E}.Release|Any CPU.Build.0 = Release|Any CPU
		{83D729CE-5E4C-4044-990D-9D410D8F779E}.Release|ARM.ActiveCfg = Release|Any CPU
		{83D729CE-5E4C-4044-990D-9D410D8F779E}.Release|ARM.Build.0 = Release|Any CPU
		{83D729CE-5E4C-4044-990D-9D410D8F779E}.Release|ARM64.ActiveCfg = Release|Any CPU
		{83D729CE-5E4C-4044-990D-9D410D8F779E}.Release|ARM64.Build.0 = Release|Any CPU
		{83D729CE-5E4C-4044-990D-9D410D8F779E}.Release|iPhone.ActiveCfg = Release|Any CPU
		{83D729CE-5E4C-4044-990D-9D410D8F779E}.Release|iPhone.Build.0 = Release|Any CPU
		{83D729CE-5E4C-4044-990D-9D410D8F779E}.Release|iPhoneSimulator.ActiveCfg = Release|Any CPU
		{83D729CE-5E4C-4044-990D-9D410D8F779E}.Release|iPhoneSimulator.Build.0 = Release|Any CPU
		{83D729CE-5E4C-4044-990D-9D410D8F779E}.Release|x64.ActiveCfg = Release|Any CPU
		{83D729CE-5E4C-4044-990D-9D410D8F779E}.Release|x64.Build.0 = Release|Any CPU
		{83D729CE-5E4C-4044-990D-9D410D8F779E}.Release|x86.ActiveCfg = Release|Any CPU
		{83D729CE-5E4C-4044-990D-9D410D8F779E}.Release|x86.Build.0 = Release|Any CPU
		{ABBE8F6A-EF56-456D-AB9D-DEA544B23704}.Debug|Any CPU.ActiveCfg = Debug|Any CPU
		{ABBE8F6A-EF56-456D-AB9D-DEA544B23704}.Debug|Any CPU.Build.0 = Debug|Any CPU
		{ABBE8F6A-EF56-456D-AB9D-DEA544B23704}.Debug|Any CPU.Deploy.0 = Debug|Any CPU
		{ABBE8F6A-EF56-456D-AB9D-DEA544B23704}.Debug|ARM.ActiveCfg = Debug|Any CPU
		{ABBE8F6A-EF56-456D-AB9D-DEA544B23704}.Debug|ARM.Build.0 = Debug|Any CPU
		{ABBE8F6A-EF56-456D-AB9D-DEA544B23704}.Debug|ARM.Deploy.0 = Debug|Any CPU
		{ABBE8F6A-EF56-456D-AB9D-DEA544B23704}.Debug|ARM64.ActiveCfg = Debug|Any CPU
		{ABBE8F6A-EF56-456D-AB9D-DEA544B23704}.Debug|ARM64.Build.0 = Debug|Any CPU
		{ABBE8F6A-EF56-456D-AB9D-DEA544B23704}.Debug|ARM64.Deploy.0 = Debug|Any CPU
		{ABBE8F6A-EF56-456D-AB9D-DEA544B23704}.Debug|iPhone.ActiveCfg = Debug|Any CPU
		{ABBE8F6A-EF56-456D-AB9D-DEA544B23704}.Debug|iPhone.Build.0 = Debug|Any CPU
		{ABBE8F6A-EF56-456D-AB9D-DEA544B23704}.Debug|iPhone.Deploy.0 = Debug|Any CPU
		{ABBE8F6A-EF56-456D-AB9D-DEA544B23704}.Debug|iPhoneSimulator.ActiveCfg = Debug|Any CPU
		{ABBE8F6A-EF56-456D-AB9D-DEA544B23704}.Debug|iPhoneSimulator.Build.0 = Debug|Any CPU
		{ABBE8F6A-EF56-456D-AB9D-DEA544B23704}.Debug|iPhoneSimulator.Deploy.0 = Debug|Any CPU
		{ABBE8F6A-EF56-456D-AB9D-DEA544B23704}.Debug|x64.ActiveCfg = Debug|Any CPU
		{ABBE8F6A-EF56-456D-AB9D-DEA544B23704}.Debug|x64.Build.0 = Debug|Any CPU
		{ABBE8F6A-EF56-456D-AB9D-DEA544B23704}.Debug|x64.Deploy.0 = Debug|Any CPU
		{ABBE8F6A-EF56-456D-AB9D-DEA544B23704}.Debug|x86.ActiveCfg = Debug|Any CPU
		{ABBE8F6A-EF56-456D-AB9D-DEA544B23704}.Debug|x86.Build.0 = Debug|Any CPU
		{ABBE8F6A-EF56-456D-AB9D-DEA544B23704}.Debug|x86.Deploy.0 = Debug|Any CPU
		{ABBE8F6A-EF56-456D-AB9D-DEA544B23704}.Release|Any CPU.ActiveCfg = Release|Any CPU
		{ABBE8F6A-EF56-456D-AB9D-DEA544B23704}.Release|Any CPU.Build.0 = Release|Any CPU
		{ABBE8F6A-EF56-456D-AB9D-DEA544B23704}.Release|Any CPU.Deploy.0 = Release|Any CPU
		{ABBE8F6A-EF56-456D-AB9D-DEA544B23704}.Release|ARM.ActiveCfg = Release|Any CPU
		{ABBE8F6A-EF56-456D-AB9D-DEA544B23704}.Release|ARM.Build.0 = Release|Any CPU
		{ABBE8F6A-EF56-456D-AB9D-DEA544B23704}.Release|ARM.Deploy.0 = Release|Any CPU
		{ABBE8F6A-EF56-456D-AB9D-DEA544B23704}.Release|ARM64.ActiveCfg = Release|Any CPU
		{ABBE8F6A-EF56-456D-AB9D-DEA544B23704}.Release|ARM64.Build.0 = Release|Any CPU
		{ABBE8F6A-EF56-456D-AB9D-DEA544B23704}.Release|ARM64.Deploy.0 = Release|Any CPU
		{ABBE8F6A-EF56-456D-AB9D-DEA544B23704}.Release|iPhone.ActiveCfg = Release|Any CPU
		{ABBE8F6A-EF56-456D-AB9D-DEA544B23704}.Release|iPhone.Build.0 = Release|Any CPU
		{ABBE8F6A-EF56-456D-AB9D-DEA544B23704}.Release|iPhone.Deploy.0 = Release|Any CPU
		{ABBE8F6A-EF56-456D-AB9D-DEA544B23704}.Release|iPhoneSimulator.ActiveCfg = Release|Any CPU
		{ABBE8F6A-EF56-456D-AB9D-DEA544B23704}.Release|iPhoneSimulator.Build.0 = Release|Any CPU
		{ABBE8F6A-EF56-456D-AB9D-DEA544B23704}.Release|iPhoneSimulator.Deploy.0 = Release|Any CPU
		{ABBE8F6A-EF56-456D-AB9D-DEA544B23704}.Release|x64.ActiveCfg = Release|Any CPU
		{ABBE8F6A-EF56-456D-AB9D-DEA544B23704}.Release|x64.Build.0 = Release|Any CPU
		{ABBE8F6A-EF56-456D-AB9D-DEA544B23704}.Release|x64.Deploy.0 = Release|Any CPU
		{ABBE8F6A-EF56-456D-AB9D-DEA544B23704}.Release|x86.ActiveCfg = Release|Any CPU
		{ABBE8F6A-EF56-456D-AB9D-DEA544B23704}.Release|x86.Build.0 = Release|Any CPU
		{ABBE8F6A-EF56-456D-AB9D-DEA544B23704}.Release|x86.Deploy.0 = Release|Any CPU
		{E35B0803-CDF4-4A1A-B33F-E4FEFAD7AEF4}.Debug|Any CPU.ActiveCfg = Debug|iPhone
		{E35B0803-CDF4-4A1A-B33F-E4FEFAD7AEF4}.Debug|ARM.ActiveCfg = Debug|iPhone
		{E35B0803-CDF4-4A1A-B33F-E4FEFAD7AEF4}.Debug|ARM64.ActiveCfg = Debug|iPhone
		{E35B0803-CDF4-4A1A-B33F-E4FEFAD7AEF4}.Debug|iPhone.ActiveCfg = Debug|iPhone
		{E35B0803-CDF4-4A1A-B33F-E4FEFAD7AEF4}.Debug|iPhone.Build.0 = Debug|iPhone
		{E35B0803-CDF4-4A1A-B33F-E4FEFAD7AEF4}.Debug|iPhoneSimulator.ActiveCfg = Debug|iPhoneSimulator
		{E35B0803-CDF4-4A1A-B33F-E4FEFAD7AEF4}.Debug|iPhoneSimulator.Build.0 = Debug|iPhoneSimulator
		{E35B0803-CDF4-4A1A-B33F-E4FEFAD7AEF4}.Debug|x64.ActiveCfg = Debug|iPhone
		{E35B0803-CDF4-4A1A-B33F-E4FEFAD7AEF4}.Debug|x86.ActiveCfg = Debug|iPhone
		{E35B0803-CDF4-4A1A-B33F-E4FEFAD7AEF4}.Release|Any CPU.ActiveCfg = Release|iPhone
		{E35B0803-CDF4-4A1A-B33F-E4FEFAD7AEF4}.Release|ARM.ActiveCfg = Release|iPhone
		{E35B0803-CDF4-4A1A-B33F-E4FEFAD7AEF4}.Release|ARM64.ActiveCfg = Release|iPhone
		{E35B0803-CDF4-4A1A-B33F-E4FEFAD7AEF4}.Release|iPhone.ActiveCfg = Release|iPhone
		{E35B0803-CDF4-4A1A-B33F-E4FEFAD7AEF4}.Release|iPhone.Build.0 = Release|iPhone
		{E35B0803-CDF4-4A1A-B33F-E4FEFAD7AEF4}.Release|iPhoneSimulator.ActiveCfg = Release|iPhoneSimulator
		{E35B0803-CDF4-4A1A-B33F-E4FEFAD7AEF4}.Release|iPhoneSimulator.Build.0 = Release|iPhoneSimulator
		{E35B0803-CDF4-4A1A-B33F-E4FEFAD7AEF4}.Release|x64.ActiveCfg = Release|iPhone
		{E35B0803-CDF4-4A1A-B33F-E4FEFAD7AEF4}.Release|x86.ActiveCfg = Release|iPhone
		{A5F7378F-E7C1-4311-87BA-14803EFE4504}.Debug|Any CPU.ActiveCfg = Debug|Any CPU
		{A5F7378F-E7C1-4311-87BA-14803EFE4504}.Debug|Any CPU.Build.0 = Debug|Any CPU
		{A5F7378F-E7C1-4311-87BA-14803EFE4504}.Debug|ARM.ActiveCfg = Debug|Any CPU
		{A5F7378F-E7C1-4311-87BA-14803EFE4504}.Debug|ARM.Build.0 = Debug|Any CPU
		{A5F7378F-E7C1-4311-87BA-14803EFE4504}.Debug|ARM64.ActiveCfg = Debug|Any CPU
		{A5F7378F-E7C1-4311-87BA-14803EFE4504}.Debug|ARM64.Build.0 = Debug|Any CPU
		{A5F7378F-E7C1-4311-87BA-14803EFE4504}.Debug|iPhone.ActiveCfg = Debug|Any CPU
		{A5F7378F-E7C1-4311-87BA-14803EFE4504}.Debug|iPhone.Build.0 = Debug|Any CPU
		{A5F7378F-E7C1-4311-87BA-14803EFE4504}.Debug|iPhoneSimulator.ActiveCfg = Debug|Any CPU
		{A5F7378F-E7C1-4311-87BA-14803EFE4504}.Debug|iPhoneSimulator.Build.0 = Debug|Any CPU
		{A5F7378F-E7C1-4311-87BA-14803EFE4504}.Debug|x64.ActiveCfg = Debug|Any CPU
		{A5F7378F-E7C1-4311-87BA-14803EFE4504}.Debug|x64.Build.0 = Debug|Any CPU
		{A5F7378F-E7C1-4311-87BA-14803EFE4504}.Debug|x86.ActiveCfg = Debug|Any CPU
		{A5F7378F-E7C1-4311-87BA-14803EFE4504}.Debug|x86.Build.0 = Debug|Any CPU
		{A5F7378F-E7C1-4311-87BA-14803EFE4504}.Release|Any CPU.ActiveCfg = Release|Any CPU
		{A5F7378F-E7C1-4311-87BA-14803EFE4504}.Release|Any CPU.Build.0 = Release|Any CPU
		{A5F7378F-E7C1-4311-87BA-14803EFE4504}.Release|ARM.ActiveCfg = Release|Any CPU
		{A5F7378F-E7C1-4311-87BA-14803EFE4504}.Release|ARM.Build.0 = Release|Any CPU
		{A5F7378F-E7C1-4311-87BA-14803EFE4504}.Release|ARM64.ActiveCfg = Release|Any CPU
		{A5F7378F-E7C1-4311-87BA-14803EFE4504}.Release|ARM64.Build.0 = Release|Any CPU
		{A5F7378F-E7C1-4311-87BA-14803EFE4504}.Release|iPhone.ActiveCfg = Release|Any CPU
		{A5F7378F-E7C1-4311-87BA-14803EFE4504}.Release|iPhone.Build.0 = Release|Any CPU
		{A5F7378F-E7C1-4311-87BA-14803EFE4504}.Release|iPhoneSimulator.ActiveCfg = Release|Any CPU
		{A5F7378F-E7C1-4311-87BA-14803EFE4504}.Release|iPhoneSimulator.Build.0 = Release|Any CPU
		{A5F7378F-E7C1-4311-87BA-14803EFE4504}.Release|x64.ActiveCfg = Release|Any CPU
		{A5F7378F-E7C1-4311-87BA-14803EFE4504}.Release|x64.Build.0 = Release|Any CPU
		{A5F7378F-E7C1-4311-87BA-14803EFE4504}.Release|x86.ActiveCfg = Release|Any CPU
		{A5F7378F-E7C1-4311-87BA-14803EFE4504}.Release|x86.Build.0 = Release|Any CPU
		{F74AAF32-24E9-4B16-8DF5-D505110DB9C6}.Debug|Any CPU.ActiveCfg = Debug|x86
		{F74AAF32-24E9-4B16-8DF5-D505110DB9C6}.Debug|Any CPU.Build.0 = Debug|x86
		{F74AAF32-24E9-4B16-8DF5-D505110DB9C6}.Debug|Any CPU.Deploy.0 = Debug|x86
		{F74AAF32-24E9-4B16-8DF5-D505110DB9C6}.Debug|ARM.ActiveCfg = Debug|ARM
		{F74AAF32-24E9-4B16-8DF5-D505110DB9C6}.Debug|ARM.Build.0 = Debug|ARM
		{F74AAF32-24E9-4B16-8DF5-D505110DB9C6}.Debug|ARM.Deploy.0 = Debug|ARM
		{F74AAF32-24E9-4B16-8DF5-D505110DB9C6}.Debug|ARM64.ActiveCfg = Debug|ARM64
		{F74AAF32-24E9-4B16-8DF5-D505110DB9C6}.Debug|ARM64.Build.0 = Debug|ARM64
		{F74AAF32-24E9-4B16-8DF5-D505110DB9C6}.Debug|ARM64.Deploy.0 = Debug|ARM64
		{F74AAF32-24E9-4B16-8DF5-D505110DB9C6}.Debug|iPhone.ActiveCfg = Debug|x86
		{F74AAF32-24E9-4B16-8DF5-D505110DB9C6}.Debug|iPhoneSimulator.ActiveCfg = Debug|x86
		{F74AAF32-24E9-4B16-8DF5-D505110DB9C6}.Debug|x64.ActiveCfg = Debug|x64
		{F74AAF32-24E9-4B16-8DF5-D505110DB9C6}.Debug|x64.Build.0 = Debug|x64
		{F74AAF32-24E9-4B16-8DF5-D505110DB9C6}.Debug|x64.Deploy.0 = Debug|x64
		{F74AAF32-24E9-4B16-8DF5-D505110DB9C6}.Debug|x86.ActiveCfg = Debug|x86
		{F74AAF32-24E9-4B16-8DF5-D505110DB9C6}.Debug|x86.Build.0 = Debug|x86
		{F74AAF32-24E9-4B16-8DF5-D505110DB9C6}.Debug|x86.Deploy.0 = Debug|x86
		{F74AAF32-24E9-4B16-8DF5-D505110DB9C6}.Release|Any CPU.ActiveCfg = Release|x86
		{F74AAF32-24E9-4B16-8DF5-D505110DB9C6}.Release|ARM.ActiveCfg = Release|ARM
		{F74AAF32-24E9-4B16-8DF5-D505110DB9C6}.Release|ARM.Build.0 = Release|ARM
		{F74AAF32-24E9-4B16-8DF5-D505110DB9C6}.Release|ARM.Deploy.0 = Release|ARM
		{F74AAF32-24E9-4B16-8DF5-D505110DB9C6}.Release|ARM64.ActiveCfg = Release|ARM64
		{F74AAF32-24E9-4B16-8DF5-D505110DB9C6}.Release|ARM64.Build.0 = Release|ARM64
		{F74AAF32-24E9-4B16-8DF5-D505110DB9C6}.Release|ARM64.Deploy.0 = Release|ARM64
		{F74AAF32-24E9-4B16-8DF5-D505110DB9C6}.Release|iPhone.ActiveCfg = Release|x86
		{F74AAF32-24E9-4B16-8DF5-D505110DB9C6}.Release|iPhoneSimulator.ActiveCfg = Release|x86
		{F74AAF32-24E9-4B16-8DF5-D505110DB9C6}.Release|x64.ActiveCfg = Release|x64
		{F74AAF32-24E9-4B16-8DF5-D505110DB9C6}.Release|x64.Build.0 = Release|x64
		{F74AAF32-24E9-4B16-8DF5-D505110DB9C6}.Release|x64.Deploy.0 = Release|x64
		{F74AAF32-24E9-4B16-8DF5-D505110DB9C6}.Release|x86.ActiveCfg = Release|x86
		{F74AAF32-24E9-4B16-8DF5-D505110DB9C6}.Release|x86.Build.0 = Release|x86
		{F74AAF32-24E9-4B16-8DF5-D505110DB9C6}.Release|x86.Deploy.0 = Release|x86
	EndGlobalSection
	GlobalSection(SolutionProperties) = preSolution
		HideSolutionNode = FALSE
	EndGlobalSection
	GlobalSection(NestedProjects) = preSolution
		{83D729CE-5E4C-4044-990D-9D410D8F779E} = {CD3C830E-8E1A-4C74-BE86-A7AAC83012E4}
		{ABBE8F6A-EF56-456D-AB9D-DEA544B23704} = {7D7F6A14-81CC-44AC-92EC-F15B1CF5E055}
		{E35B0803-CDF4-4A1A-B33F-E4FEFAD7AEF4} = {7D7F6A14-81CC-44AC-92EC-F15B1CF5E055}
		{A5F7378F-E7C1-4311-87BA-14803EFE4504} = {7D7F6A14-81CC-44AC-92EC-F15B1CF5E055}
		{F74AAF32-24E9-4B16-8DF5-D505110DB9C6} = {7D7F6A14-81CC-44AC-92EC-F15B1CF5E055}
	EndGlobalSection
	GlobalSection(ExtensibilityGlobals) = postSolution
		SolutionGuid = {D6C58FE9-A0EE-4282-AD42-D990ECAD8CB1}
	EndGlobalSection
EndGlobal
